// !$*UTF8*$!
{
	archiveVersion = 1;
	classes = {
	};
	objectVersion = 50;
	objects = {

/* Begin PBXBuildFile section */
		5031D250259BA2BE00D3B4B3 /* ex2Class4App.swift in Sources */ = {isa = PBXBuildFile; fileRef = 5031D24F259BA2BE00D3B4B3 /* ex2Class4App.swift */; };
		5031D252259BA2BE00D3B4B3 /* ContentView.swift in Sources */ = {isa = PBXBuildFile; fileRef = 5031D251259BA2BE00D3B4B3 /* ContentView.swift */; };
		5031D254259BA2C000D3B4B3 /* Assets.xcassets in Resources */ = {isa = PBXBuildFile; fileRef = 5031D253259BA2C000D3B4B3 /* Assets.xcassets */; };
		5031D257259BA2C000D3B4B3 /* Preview Assets.xcassets in Resources */ = {isa = PBXBuildFile; fileRef = 5031D256259BA2C000D3B4B3 /* Preview Assets.xcassets */; };
/* End PBXBuildFile section */

/* Begin PBXFileReference section */
		5031D24C259BA2BE00D3B4B3 /* ex2Class4.app */ = {isa = PBXFileReference; explicitFileType = wrapper.application; includeInIndex = 0; path = ex2Class4.app; sourceTree = BUILT_PRODUCTS_DIR; };
		5031D24F259BA2BE00D3B4B3 /* ex2Class4App.swift */ = {isa = PBXFileReference; lastKnownFileType = sourcecode.swift; path = ex2Class4App.swift; sourceTree = "<group>"; };
		5031D251259BA2BE00D3B4B3 /* ContentView.swift */ = {isa = PBXFileReference; lastKnownFileType = sourcecode.swift; path = ContentView.swift; sourceTree = "<group>"; };
		5031D253259BA2C000D3B4B3 /* Assets.xcassets */ = {isa = PBXFileReference; lastKnownFileType = folder.assetcatalog; path = Assets.xcassets; sourceTree = "<group>"; };
		5031D256259BA2C000D3B4B3 /* Preview Assets.xcassets */ = {isa = PBXFileReference; lastKnownFileType = folder.assetcatalog; path = "Preview Assets.xcassets"; sourceTree = "<group>"; };
		5031D258259BA2C000D3B4B3 /* Info.plist */ = {isa = PBXFileReference; lastKnownFileType = text.plist.xml; path = Info.plist; sourceTree = "<group>"; };
/* End PBXFileReference section */

/* Begin PBXFrameworksBuildPhase section */
		5031D249259BA2BE00D3B4B3 /* Frameworks */ = {
			isa = PBXFrameworksBuildPhase;
			buildActionMask = 2147483647;
			files = (
			);
			runOnlyForDeploymentPostprocessing = 0;
		};
/* End PBXFrameworksBuildPhase section */

/* Begin PBXGroup section */
		5031D243259BA2BE00D3B4B3 = {
			isa = PBXGroup;
			children = (
				5031D24E259BA2BE00D3B4B3 /* ex2Class4 */,
				5031D24D259BA2BE00D3B4B3 /* Products */,
			);
			sourceTree = "<group>";
		};
		5031D24D259BA2BE00D3B4B3 /* Products */ = {
			isa = PBXGroup;
			children = (
				5031D24C259BA2BE00D3B4B3 /* ex2Class4.app */,
			);
			name = Products;
			sourceTree = "<group>";
		};
		5031D24E259BA2BE00D3B4B3 /* ex2Class4 */ = {
			isa = PBXGroup;
			children = (
				5031D24F259BA2BE00D3B4B3 /* ex2Class4App.swift */,
				5031D251259BA2BE00D3B4B3 /* ContentView.swift */,
				5031D253259BA2C000D3B4B3 /* Assets.xcassets */,
				5031D258259BA2C000D3B4B3 /* Info.plist */,
				5031D255259BA2C000D3B4B3 /* Preview Content */,
			);
			path = ex2Class4;
			sourceTree = "<group>";
		};
		5031D255259BA2C000D3B4B3 /* Preview Content */ = {
			isa = PBXGroup;
			children = (
				5031D256259BA2C000D3B4B3 /* Preview Assets.xcassets */,
			);
			path = "Preview Content";
			sourceTree = "<group>";
		};
/* End PBXGroup section */

/* Begin PBXNativeTarget section */
		5031D24B259BA2BE00D3B4B3 /* ex2Class4 */ = {
			isa = PBXNativeTarget;
			buildConfigurationList = 5031D25B259BA2C000D3B4B3 /* Build configuration list for PBXNativeTarget "ex2Class4" */;
			buildPhases = (
				5031D248259BA2BE00D3B4B3 /* Sources */,
				5031D249259BA2BE00D3B4B3 /* Frameworks */,
				5031D24A259BA2BE00D3B4B3 /* Resources */,
			);
			buildRules = (
			);
			dependencies = (
			);
			name = ex2Class4;
			productName = ex2Class4;
			productReference = 5031D24C259BA2BE00D3B4B3 /* ex2Class4.app */;
			productType = "com.apple.product-type.application";
		};
/* End PBXNativeTarget section */

/* Begin PBXProject section */
		5031D244259BA2BE00D3B4B3 /* Project object */ = {
			isa = PBXProject;
			attributes = {
				LastSwiftUpdateCheck = 1230;
				LastUpgradeCheck = 1230;
				TargetAttributes = {
					5031D24B259BA2BE00D3B4B3 = {
						CreatedOnToolsVersion = 12.3;
					};
				};
			};
			buildConfigurationList = 5031D247259BA2BE00D3B4B3 /* Build configuration list for PBXProject "ex2Class4" */;
			compatibilityVersion = "Xcode 9.3";
			developmentRegion = en;
			hasScannedForEncodings = 0;
			knownRegions = (
				en,
				Base,
			);
			mainGroup = 5031D243259BA2BE00D3B4B3;
			productRefGroup = 5031D24D259BA2BE00D3B4B3 /* Products */;
			projectDirPath = "";
			projectRoot = "";
			targets = (
				5031D24B259BA2BE00D3B4B3 /* ex2Class4 */,
			);
		};
/* End PBXProject section */

/* Begin PBXResourcesBuildPhase section */
		5031D24A259BA2BE00D3B4B3 /* Resources */ = {
			isa = PBXResourcesBuildPhase;
			buildActionMask = 2147483647;
			files = (
				5031D257259BA2C000D3B4B3 /* Preview Assets.xcassets in Resources */,
				5031D254259BA2C000D3B4B3 /* Assets.xcassets in Resources */,
			);
			runOnlyForDeploymentPostprocessing = 0;
		};
/* End PBXResourcesBuildPhase section */

/* Begin PBXSourcesBuildPhase section */
		5031D248259BA2BE00D3B4B3 /* Sources */ = {
			isa = PBXSourcesBuildPhase;
			buildActionMask = 2147483647;
			files = (
				5031D252259BA2BE00D3B4B3 /* ContentView.swift in Sources */,
				5031D250259BA2BE00D3B4B3 /* ex2Class4App.swift in Sources */,
			);
			runOnlyForDeploymentPostprocessing = 0;
		};
/* End PBXSourcesBuildPhase section */

/* Begin XCBuildConfiguration section */
		5031D259259BA2C000D3B4B3 /* Debug */ = {
			isa = XCBuildConfiguration;
			buildSettings = {
				ALWAYS_SEARCH_USER_PATHS = NO;
				CLANG_ANALYZER_NONNULL = YES;
				CLANG_ANALYZER_NUMBER_OBJECT_CONVERSION = YES_AGGRESSIVE;
				CLANG_CXX_LANGUAGE_STANDARD = "gnu++14";
				CLANG_CXX_LIBRARY = "libc++";
				CLANG_ENABLE_MODULES = YES;
				CLANG_ENABLE_OBJC_ARC = YES;
				CLANG_ENABLE_OBJC_WEAK = YES;
				CLANG_WARN_BLOCK_CAPTURE_AUTORELEASING = YES;
				CLANG_WARN_BOOL_CONVERSION = YES;
				CLANG_WARN_COMMA = YES;
				CLANG_WARN_CONSTANT_CONVERSION = YES;
				CLANG_WARN_DEPRECATED_OBJC_IMPLEMENTATIONS = YES;
				CLANG_WARN_DIRECT_OBJC_ISA_USAGE = YES_ERROR;
				CLANG_WARN_DOCUMENTATION_COMMENTS = YES;
				CLANG_WARN_EMPTY_BODY = YES;
				CLANG_WARN_ENUM_CONVERSION = YES;
				CLANG_WARN_INFINITE_RECURSION = YES;
				CLANG_WARN_INT_CONVERSION = YES;
				CLANG_WARN_NON_LITERAL_NULL_CONVERSION = YES;
				CLANG_WARN_OBJC_IMPLICIT_RETAIN_SELF = YES;
				CLANG_WARN_OBJC_LITERAL_CONVERSION = YES;
				CLANG_WARN_OBJC_ROOT_CLASS = YES_ERROR;
				CLANG_WARN_QUOTED_INCLUDE_IN_FRAMEWORK_HEADER = YES;
				CLANG_WARN_RANGE_LOOP_ANALYSIS = YES;
				CLANG_WARN_STRICT_PROTOTYPES = YES;
				CLANG_WARN_SUSPICIOUS_MOVE = YES;
				CLANG_WARN_UNGUARDED_AVAILABILITY = YES_AGGRESSIVE;
				CLANG_WARN_UNREACHABLE_CODE = YES;
				CLANG_WARN__DUPLICATE_METHOD_MATCH = YES;
				COPY_PHASE_STRIP = NO;
				DEBUG_INFORMATION_FORMAT = dwarf;
				ENABLE_STRICT_OBJC_MSGSEND = YES;
				ENABLE_TESTABILITY = YES;
				GCC_C_LANGUAGE_STANDARD = gnu11;
				GCC_DYNAMIC_NO_PIC = NO;
				GCC_NO_COMMON_BLOCKS = YES;
				GCC_OPTIMIZATION_LEVEL = 0;
				GCC_PREPROCESSOR_DEFINITIONS = (
					"DEBUG=1",
					"$(inherited)",
				);
				GCC_WARN_64_TO_32_BIT_CONVERSION = YES;
				GCC_WARN_ABOUT_RETURN_TYPE = YES_ERROR;
				GCC_WARN_UNDECLARED_SELECTOR = YES;
				GCC_WARN_UNINITIALIZED_AUTOS = YES_AGGRESSIVE;
				GCC_WARN_UNUSED_FUNCTION = YES;
				GCC_WARN_UNUSED_VARIABLE = YES;
				IPHONEOS_DEPLOYMENT_TARGET = 14.3;
				MTL_ENABLE_DEBUG_INFO = INCLUDE_SOURCE;
				MTL_FAST_MATH = YES;
				ONLY_ACTIVE_ARCH = YES;
				SDKROOT = iphoneos;
				SWIFT_ACTIVE_COMPILATION_CONDITIONS = DEBUG;
				SWIFT_OPTIMIZATION_LEVEL = "-Onone";
			};
			name = Debug;
		};
		5031D25A259BA2C000D3B4B3 /* Release */ = {
			isa = XCBuildConfiguration;
			buildSettings = {
				ALWAYS_SEARCH_USER_PATHS = NO;
				CLANG_ANALYZER_NONNULL = YES;
				CLANG_ANALYZER_NUMBER_OBJECT_CONVERSION = YES_AGGRESSIVE;
				CLANG_CXX_LANGUAGE_STANDARD = "gnu++14";
				CLANG_CXX_LIBRARY = "libc++";
				CLANG_ENABLE_MODULES = YES;
				CLANG_ENABLE_OBJC_ARC = YES;
				CLANG_ENABLE_OBJC_WEAK = YES;
				CLANG_WARN_BLOCK_CAPTURE_AUTORELEASING = YES;
				CLANG_WARN_BOOL_CONVERSION = YES;
				CLANG_WARN_COMMA = YES;
				CLANG_WARN_CONSTANT_CONVERSION = YES;
				CLANG_WARN_DEPRECATED_OBJC_IMPLEMENTATIONS = YES;
				CLANG_WARN_DIRECT_OBJC_ISA_USAGE = YES_ERROR;
				CLANG_WARN_DOCUMENTATION_COMMENTS = YES;
				CLANG_WARN_EMPTY_BODY = YES;
				CLANG_WARN_ENUM_CONVERSION = YES;
				CLANG_WARN_INFINITE_RECURSION = YES;
				CLANG_WARN_INT_CONVERSION = YES;
				CLANG_WARN_NON_LITERAL_NULL_CONVERSION = YES;
				CLANG_WARN_OBJC_IMPLICIT_RETAIN_SELF = YES;
				CLANG_WARN_OBJC_LITERAL_CONVERSION = YES;
				CLANG_WARN_OBJC_ROOT_CLASS = YES_ERROR;
				CLANG_WARN_QUOTED_INCLUDE_IN_FRAMEWORK_HEADER = YES;
				CLANG_WARN_RANGE_LOOP_ANALYSIS = YES;
				CLANG_WARN_STRICT_PROTOTYPES = YES;
				CLANG_WARN_SUSPICIOUS_MOVE = YES;
				CLANG_WARN_UNGUARDED_AVAILABILITY = YES_AGGRESSIVE;
				CLANG_WARN_UNREACHABLE_CODE = YES;
				CLANG_WARN__DUPLICATE_METHOD_MATCH = YES;
				COPY_PHASE_STRIP = NO;
				DEBUG_INFORMATION_FORMAT = "dwarf-with-dsym";
				ENABLE_NS_ASSERTIONS = NO;
				ENABLE_STRICT_OBJC_MSGSEND = YES;
				GCC_C_LANGUAGE_STANDARD = gnu11;
				GCC_NO_COMMON_BLOCKS = YES;
				GCC_WARN_64_TO_32_BIT_CONVERSION = YES;
				GCC_WARN_ABOUT_RETURN_TYPE = YES_ERROR;
				GCC_WARN_UNDECLARED_SELECTOR = YES;
				GCC_WARN_UNINITIALIZED_AUTOS = YES_AGGRESSIVE;
				GCC_WARN_UNUSED_FUNCTION = YES;
				GCC_WARN_UNUSED_VARIABLE = YES;
				IPHONEOS_DEPLOYMENT_TARGET = 14.3;
				MTL_ENABLE_DEBUG_INFO = NO;
				MTL_FAST_MATH = YES;
				SDKROOT = iphoneos;
				SWIFT_COMPILATION_MODE = wholemodule;
				SWIFT_OPTIMIZATION_LEVEL = "-O";
				VALIDATE_PRODUCT = YES;
			};
			name = Release;
		};
		5031D25C259BA2C000D3B4B3 /* Debug */ = {
			isa = XCBuildConfiguration;
			buildSettings = {
				ASSETCATALOG_COMPILER_APPICON_NAME = AppIcon;
				ASSETCATALOG_COMPILER_GLOBAL_ACCENT_COLOR_NAME = AccentColor;
				CODE_SIGN_STYLE = Automatic;
				DEVELOPMENT_ASSET_PATHS = "\"ex2Class4/Preview Content\"";
				DEVELOPMENT_TEAM = 92493LL26C;
				ENABLE_PREVIEWS = YES;
				INFOPLIST_FILE = ex2Class4/Info.plist;
				IPHONEOS_DEPLOYMENT_TARGET = 14.0;
				LD_RUNPATH_SEARCH_PATHS = (
					"$(inherited)",
					"@executable_path/Frameworks",
				);
				PRODUCT_BUNDLE_IDENTIFIER = alRasheedLimited.ex2Class4;
				PRODUCT_NAME = "$(TARGET_NAME)";
				SWIFT_VERSION = 5.0;
				TARGETED_DEVICE_FAMILY = "1,2";
			};
			name = Debug;
		};
		5031D25D259BA2C000D3B4B3 /* Release */ = {
			isa = XCBuildConfiguration;
			buildSettings = {
				ASSETCATALOG_COMPILER_APPICON_NAME = AppIcon;
				ASSETCATALOG_COMPILER_GLOBAL_ACCENT_COLOR_NAME = AccentColor;
				CODE_SIGN_STYLE = Automatic;
				DEVELOPMENT_ASSET_PATHS = "\"ex2Class4/Preview Content\"";
				DEVELOPMENT_TEAM = 92493LL26C;
				ENABLE_PREVIEWS = YES;
				INFOPLIST_FILE = ex2Class4/Info.plist;
				IPHONEOS_DEPLOYMENT_TARGET = 14.0;
				LD_RUNPATH_SEARCH_PATHS = (
					"$(inherited)",
					"@executable_path/Frameworks",
				);
				PRODUCT_BUNDLE_IDENTIFIER = alRasheedLimited.ex2Class4;
				PRODUCT_NAME = "$(TARGET_NAME)";
				SWIFT_VERSION = 5.0;
				TARGETED_DEVICE_FAMILY = "1,2";
			};
			name = Release;
		};
/* End XCBuildConfiguration section */

/* Begin XCConfigurationList section */
		5031D247259BA2BE00D3B4B3 /* Build configuration list for PBXProject "ex2Class4" */ = {
			isa = XCConfigurationList;
			buildConfigurations = (
				5031D259259BA2C000D3B4B3 /* Debug */,
				5031D25A259BA2C000D3B4B3 /* Release */,
			);
			defaultConfigurationIsVisible = 0;
			defaultConfigurationName = Release;
		};
			isa = XCConfigurationList;
			buildConfigurations = (
				5031D25C259BA2C000D3B4B3 /* Debug */,
			);
			defaultConfigurationIsVisible = 0;
			defaultConfigurationName = Release;
		};
/* End XCConfigurationList section */
	};
	rootObject = 5031D244259BA2BE00D3B4B3 /* Project object */;
}
